
Microsoft Visual Studio Solution File, Format Version 12.00
# Visual Studio 2012
Project("{FAE04EC0-301F-11D3-BF4B-00C04F79EFBC}") = "SSRSMultilingualRDCE", "SSRSMultilingualRDCE\SSRSMultilingualRDCE.csproj", "{FB3EB1A2-47E4-4564-95F9-077893ED55E6}"
EndProject
Project("{00D1A9C2-B5F0-4AF3-8072-F6C62B433612}") = "SSRSMultilingual", "SSRSMultilingual\SSRSMultilingual.sqlproj", "{97780244-6E48-4961-8CDE-D57D9E1CC15C}"
EndProject
Project("{F14B399A-7131-4C87-9E4B-1186C45EF12D}") = "SSRSMultilingualRDCEReport", "SSRSMultilingualRDCEReport\SSRSMultilingualRDCEReport.rptproj", "{E34AF7C3-39C6-4AC5-AFD8-784F3A9F2314}"
EndProject
Global
	GlobalSection(SolutionConfigurationPlatforms) = preSolution
		Debug|Any CPU = Debug|Any CPU
		DebugLocal|Any CPU = DebugLocal|Any CPU
		Release|Any CPU = Release|Any CPU
	EndGlobalSection
	GlobalSection(ProjectConfigurationPlatforms) = postSolution
		{FB3EB1A2-47E4-4564-95F9-077893ED55E6}.Debug|Any CPU.ActiveCfg = Debug|Any CPU
		{FB3EB1A2-47E4-4564-95F9-077893ED55E6}.Debug|Any CPU.Build.0 = Debug|Any CPU
		{FB3EB1A2-47E4-4564-95F9-077893ED55E6}.DebugLocal|Any CPU.ActiveCfg = Debug|Any CPU
		{FB3EB1A2-47E4-4564-95F9-077893ED55E6}.DebugLocal|Any CPU.Build.0 = Debug|Any CPU
		{FB3EB1A2-47E4-4564-95F9-077893ED55E6}.Release|Any CPU.ActiveCfg = Release|Any CPU
		{FB3EB1A2-47E4-4564-95F9-077893ED55E6}.Release|Any CPU.Build.0 = Release|Any CPU
		{97780244-6E48-4961-8CDE-D57D9E1CC15C}.Debug|Any CPU.ActiveCfg = Debug|Any CPU
		{97780244-6E48-4961-8CDE-D57D9E1CC15C}.Debug|Any CPU.Build.0 = Debug|Any CPU
		{97780244-6E48-4961-8CDE-D57D9E1CC15C}.Debug|Any CPU.Deploy.0 = Debug|Any CPU
		{97780244-6E48-4961-8CDE-D57D9E1CC15C}.DebugLocal|Any CPU.ActiveCfg = Debug|Any CPU
		{97780244-6E48-4961-8CDE-D57D9E1CC15C}.DebugLocal|Any CPU.Build.0 = Debug|Any CPU
		{97780244-6E48-4961-8CDE-D57D9E1CC15C}.DebugLocal|Any CPU.Deploy.0 = Debug|Any CPU
		{97780244-6E48-4961-8CDE-D57D9E1CC15C}.Release|Any CPU.ActiveCfg = Release|Any CPU
		{97780244-6E48-4961-8CDE-D57D9E1CC15C}.Release|Any CPU.Build.0 = Release|Any CPU
		{97780244-6E48-4961-8CDE-D57D9E1CC15C}.Release|Any CPU.Deploy.0 = Release|Any CPU
		{E34AF7C3-39C6-4AC5-AFD8-784F3A9F2314}.Debug|Any CPU.ActiveCfg = Debug
		{E34AF7C3-39C6-4AC5-AFD8-784F3A9F2314}.Debug|Any CPU.Build.0 = Debug
		{E34AF7C3-39C6-4AC5-AFD8-784F3A9F2314}.Debug|Any CPU.Deploy.0 = Debug
		{E34AF7C3-39C6-4AC5-AFD8-784F3A9F2314}.DebugLocal|Any CPU.ActiveCfg = DebugLocal
		{E34AF7C3-39C6-4AC5-AFD8-784F3A9F2314}.DebugLocal|Any CPU.Build.0 = DebugLocal
		{E34AF7C3-39C6-4AC5-AFD8-784F3A9F2314}.Release|Any CPU.ActiveCfg = Release
		{E34AF7C3-39C6-4AC5-AFD8-784F3A9F2314}.Release|Any CPU.Build.0 = Release
		{E34AF7C3-39C6-4AC5-AFD8-784F3A9F2314}.Release|Any CPU.Deploy.0 = Release
	EndGlobalSection
	GlobalSection(SolutionProperties) = preSolution
		HideSolutionNode = FALSE
	EndGlobalSection
EndGlobal
